
Microsoft Visual Studio Solution File, Format Version 12.00
# Visual Studio 15
VisualStudioVersion = 15.0.27703.1
MinimumVisualStudioVersion = 10.0.40219.1
Project("{FAE04EC0-301F-11D3-BF4B-00C04F79EFBC}") = "MTGDatabase", "MTGDatabase\MTGDatabase.csproj", "{CD124E9F-3AEF-4AFA-ABA4-7DE82F040CDF}"
EndProject
Global
	GlobalSection(SolutionConfigurationPlatforms) = preSolution
		Debug|Any CPU = Debug|Any CPU
		Release|Any CPU = Release|Any CPU
	EndGlobalSection
	GlobalSection(ProjectConfigurationPlatforms) = postSolution
		{CD124E9F-3AEF-4AFA-ABA4-7DE82F040CDF}.Debug|Any CPU.ActiveCfg = Debug|Any CPU
		{CD124E9F-3AEF-4AFA-ABA4-7DE82F040CDF}.Debug|Any CPU.Build.0 = Debug|Any CPU
		{CD124E9F-3AEF-4AFA-ABA4-7DE82F040CDF}.Release|Any CPU.ActiveCfg = Release|Any CPU
		{CD124E9F-3AEF-4AFA-ABA4-7DE82F040CDF}.Release|Any CPU.Build.0 = Release|Any CPU
	EndGlobalSection
	GlobalSection(SolutionProperties) = preSolution
		HideSolutionNode = FALSE
	EndGlobalSection
	GlobalSection(ExtensibilityGlobals) = postSolution
		SolutionGuid = {8BA6125F-EEC3-452B-A274-BBF2654D8AE5}
	EndGlobalSection
EndGlobal
